
Microsoft Visual Studio Solution File, Format Version 12.00
# Visual Studio 2013
VisualStudioVersion = 12.0.40629.0
MinimumVisualStudioVersion = 10.0.40219.1
Project("{FAE04EC0-301F-11D3-BF4B-00C04F79EFBC}") = "TestTask.Models", "TestTask2.Models\TestTask.Models.csproj", "{F7041546-86CB-4958-85BB-A27ED63FBFA6}"
EndProject
Project("{FAE04EC0-301F-11D3-BF4B-00C04F79EFBC}") = "TestAssembly", "TestAssembly\TestAssembly.csproj", "{9985C863-7174-4D9D-AE24-A45B2D4A4C77}"
EndProject
Project("{FAE04EC0-301F-11D3-BF4B-00C04F79EFBC}") = "TestTask.App", "TestTask.App\TestTask.App.csproj", "{214BE18D-35E5-4DD0-AEB2-9A46BC269B53}"
EndProject
Project("{FAE04EC0-301F-11D3-BF4B-00C04F79EFBC}") = "TestTask.DataAccess", "TestTask.DataAccess\TestTask.DataAccess.csproj", "{32E67566-9A90-4805-BCDE-AA683B8BB7CF}"
EndProject
Project("{FAE04EC0-301F-11D3-BF4B-00C04F79EFBC}") = "TestAssembly2", "TestAssembly2\TestAssembly2.csproj", "{E4105E0A-6076-4D40-8D85-8A5D2BB17EDF}"
EndProject
Project("{FAE04EC0-301F-11D3-BF4B-00C04F79EFBC}") = "TestTask.Attribute", "TestTask.Attribute\TestTask.Attribute.csproj", "{CEFFA94A-C9AD-4A86-AB33-14FF49BC5515}"
EndProject
Global
	GlobalSection(SolutionConfigurationPlatforms) = preSolution
		Debug|Any CPU = Debug|Any CPU
		Release|Any CPU = Release|Any CPU
	EndGlobalSection
	GlobalSection(ProjectConfigurationPlatforms) = postSolution
		{F7041546-86CB-4958-85BB-A27ED63FBFA6}.Debug|Any CPU.ActiveCfg = Debug|Any CPU
		{F7041546-86CB-4958-85BB-A27ED63FBFA6}.Debug|Any CPU.Build.0 = Debug|Any CPU
		{F7041546-86CB-4958-85BB-A27ED63FBFA6}.Release|Any CPU.ActiveCfg = Release|Any CPU
		{F7041546-86CB-4958-85BB-A27ED63FBFA6}.Release|Any CPU.Build.0 = Release|Any CPU
		{9985C863-7174-4D9D-AE24-A45B2D4A4C77}.Debug|Any CPU.ActiveCfg = Debug|Any CPU
		{9985C863-7174-4D9D-AE24-A45B2D4A4C77}.Debug|Any CPU.Build.0 = Debug|Any CPU
		{9985C863-7174-4D9D-AE24-A45B2D4A4C77}.Release|Any CPU.ActiveCfg = Release|Any CPU
		{9985C863-7174-4D9D-AE24-A45B2D4A4C77}.Release|Any CPU.Build.0 = Release|Any CPU
		{214BE18D-35E5-4DD0-AEB2-9A46BC269B53}.Debug|Any CPU.ActiveCfg = Debug|Any CPU
		{214BE18D-35E5-4DD0-AEB2-9A46BC269B53}.Debug|Any CPU.Build.0 = Debug|Any CPU
		{214BE18D-35E5-4DD0-AEB2-9A46BC269B53}.Release|Any CPU.ActiveCfg = Release|Any CPU
		{214BE18D-35E5-4DD0-AEB2-9A46BC269B53}.Release|Any CPU.Build.0 = Release|Any CPU
		{32E67566-9A90-4805-BCDE-AA683B8BB7CF}.Debug|Any CPU.ActiveCfg = Debug|Any CPU
		{32E67566-9A90-4805-BCDE-AA683B8BB7CF}.Debug|Any CPU.Build.0 = Debug|Any CPU
		{32E67566-9A90-4805-BCDE-AA683B8BB7CF}.Release|Any CPU.ActiveCfg = Release|Any CPU
		{32E67566-9A90-4805-BCDE-AA683B8BB7CF}.Release|Any CPU.Build.0 = Release|Any CPU
		{E4105E0A-6076-4D40-8D85-8A5D2BB17EDF}.Debug|Any CPU.ActiveCfg = Debug|Any CPU
		{E4105E0A-6076-4D40-8D85-8A5D2BB17EDF}.Debug|Any CPU.Build.0 = Debug|Any CPU
		{E4105E0A-6076-4D40-8D85-8A5D2BB17EDF}.Release|Any CPU.ActiveCfg = Release|Any CPU
		{E4105E0A-6076-4D40-8D85-8A5D2BB17EDF}.Release|Any CPU.Build.0 = Release|Any CPU
		{CEFFA94A-C9AD-4A86-AB33-14FF49BC5515}.Debug|Any CPU.ActiveCfg = Debug|Any CPU
		{CEFFA94A-C9AD-4A86-AB33-14FF49BC5515}.Debug|Any CPU.Build.0 = Debug|Any CPU
		{CEFFA94A-C9AD-4A86-AB33-14FF49BC5515}.Release|Any CPU.ActiveCfg = Release|Any CPU
		{CEFFA94A-C9AD-4A86-AB33-14FF49BC5515}.Release|Any CPU.Build.0 = Release|Any CPU
	EndGlobalSection
	GlobalSection(SolutionProperties) = preSolution
		HideSolutionNode = FALSE
	EndGlobalSection
EndGlobal
